{
  "name": "fs-notation",
  "version": "1.0.0",
  "lockfileVersion": 2,
  "requires": true,
  "packages": {
    "": {
      "name": "fs-notation",
      "version": "1.0.0",
      "license": "MIT",
      "dependencies": {
        "string-therapy": "^2.1.1"
      },
      "devDependencies": {
        "@types/node": "^18.0.6"
      }
    },
    "node_modules/@types/node": {
      "version": "18.11.9",
      "resolved": "https://registry.npmjs.org/@types/node/-/node-18.11.9.tgz",
      "integrity": "sha512-CRpX21/kGdzjOpFsZSkcrXMGIBWMGNIHXXBVFSH+ggkftxg+XYP20TESbh+zFvFj3EQOl5byk0HTRn1IL6hbqg==",
      "dev": true
    },
    "node_modules/string-therapy": {
      "version": "2.1.1",
      "resolved": "https://registry.npmjs.org/string-therapy/-/string-therapy-2.1.1.tgz",
      "integrity": "sha512-vym7oH3Ra7LgNxiBPdnBVn/e/RyQv0le4NBnoqcXtbgYH8kwKn7kSoKpnhXHTtz88IjGbPvhRKEdRxd4Gniwug=="
    }
  },
  "dependencies": {
    "@types/node": {
      "version": "18.11.9",
      "resolved": "https://registry.npmjs.org/@types/node/-/node-18.11.9.tgz",
      "integrity": "sha512-CRpX21/kGdzjOpFsZSkcrXMGIBWMGNIHXXBVFSH+ggkftxg+XYP20TESbh+zFvFj3EQOl5byk0HTRn1IL6hbqg==",
      "dev": true
    },
    "string-therapy": {
      "version": "2.1.1",
      "resolved": "https://registry.npmjs.org/string-therapy/-/string-therapy-2.1.1.tgz",
      "integrity": "sha512-vym7oH3Ra7LgNxiBPdnBVn/e/RyQv0le4NBnoqcXtbgYH8kwKn7kSoKpnhXHTtz88IjGbPvhRKEdRxd4Gniwug=="
    }
  }
}
